
Microsoft Visual Studio Solution File, Format Version 12.00
Project("{FAE04EC0-301F-11D3-BF4B-00C04F79EFBC}") = "ConsoleApplication", "ConsoleApplication\ConsoleApplication.csproj", "{50AEEA3A-64AA-4C6F-8009-550116724EC4}"
EndProject
Project("{FAE04EC0-301F-11D3-BF4B-00C04F79EFBC}") = "Collections", "Collections\Collections.csproj", "{91430719-10DA-4025-8A97-9B07FAFBCD8D}"
EndProject
Project("{FAE04EC0-301F-11D3-BF4B-00C04F79EFBC}") = "Tests", "Tests\Tests.csproj", "{4AACCDAD-0B6E-44EE-8069-FE7B7D2EF037}"
EndProject
Global
	GlobalSection(SolutionConfigurationPlatforms) = preSolution
		Debug|Any CPU = Debug|Any CPU
		Release|Any CPU = Release|Any CPU
	EndGlobalSection
	GlobalSection(ProjectConfigurationPlatforms) = postSolution
		{50AEEA3A-64AA-4C6F-8009-550116724EC4}.Debug|Any CPU.ActiveCfg = Debug|Any CPU
		{50AEEA3A-64AA-4C6F-8009-550116724EC4}.Debug|Any CPU.Build.0 = Debug|Any CPU
		{50AEEA3A-64AA-4C6F-8009-550116724EC4}.Release|Any CPU.ActiveCfg = Release|Any CPU
		{50AEEA3A-64AA-4C6F-8009-550116724EC4}.Release|Any CPU.Build.0 = Release|Any CPU
		{91430719-10DA-4025-8A97-9B07FAFBCD8D}.Debug|Any CPU.ActiveCfg = Debug|Any CPU
		{91430719-10DA-4025-8A97-9B07FAFBCD8D}.Debug|Any CPU.Build.0 = Debug|Any CPU
		{91430719-10DA-4025-8A97-9B07FAFBCD8D}.Release|Any CPU.ActiveCfg = Release|Any CPU
		{91430719-10DA-4025-8A97-9B07FAFBCD8D}.Release|Any CPU.Build.0 = Release|Any CPU
		{4AACCDAD-0B6E-44EE-8069-FE7B7D2EF037}.Debug|Any CPU.ActiveCfg = Debug|Any CPU
		{4AACCDAD-0B6E-44EE-8069-FE7B7D2EF037}.Debug|Any CPU.Build.0 = Debug|Any CPU
		{4AACCDAD-0B6E-44EE-8069-FE7B7D2EF037}.Release|Any CPU.ActiveCfg = Release|Any CPU
		{4AACCDAD-0B6E-44EE-8069-FE7B7D2EF037}.Release|Any CPU.Build.0 = Release|Any CPU
	EndGlobalSection
EndGlobal
